
Microsoft Visual Studio Solution File, Format Version 12.00
# Visual Studio Version 17
VisualStudioVersion = 17.5.33414.496
MinimumVisualStudioVersion = 10.0.40219.1
Project("{FAE04EC0-301F-11D3-BF4B-00C04F79EFBC}") = "WindowsFormsNOT_KAYIT_SON", "WindowsFormsNOT_KAYIT_SON\WindowsFormsNOT_KAYIT_SON.csproj", "{7C6B9817-2823-4818-A8AC-245502B11B62}"
EndProject
Global
	GlobalSection(SolutionConfigurationPlatforms) = preSolution
		Debug|Any CPU = Debug|Any CPU
		Release|Any CPU = Release|Any CPU
	EndGlobalSection
	GlobalSection(ProjectConfigurationPlatforms) = postSolution
		{7C6B9817-2823-4818-A8AC-245502B11B62}.Debug|Any CPU.ActiveCfg = Debug|Any CPU
		{7C6B9817-2823-4818-A8AC-245502B11B62}.Debug|Any CPU.Build.0 = Debug|Any CPU
		{7C6B9817-2823-4818-A8AC-245502B11B62}.Release|Any CPU.ActiveCfg = Release|Any CPU
		{7C6B9817-2823-4818-A8AC-245502B11B62}.Release|Any CPU.Build.0 = Release|Any CPU
	EndGlobalSection
	GlobalSection(SolutionProperties) = preSolution
		HideSolutionNode = FALSE
	EndGlobalSection
	GlobalSection(ExtensibilityGlobals) = postSolution
		SolutionGuid = {21C6A716-6EAB-41CB-9359-6C1C836AD2F7}
	EndGlobalSection
EndGlobal
